<Solution>
  <Configurations>
    <Platform Name="Any CPU" />
    <Platform Name="ARM" />
    <Platform Name="ARM64" />
    <Platform Name="x64" />
    <Platform Name="x86" />
  </Configurations>
  <Folder Name="/src/">
    <Project Path="src/JL_Nav/JL_Nav.csproj">
      <Platform Solution="*|x64" Project="x64" />
    </Project>
  </Folder>
  <Project Path="src/WapProj_JL_Nav/WapProj_JL_Nav.wapproj" Type="c7167f0d-bc9f-4e6e-afe1-012c56b48db5" Id="5663abea-8cc1-434e-a606-2e47b12b1cd6">
    <Deploy />
  </Project>
</Solution>
